PODS:
  - SwiftyJSON (4.2.0)
  - SwiftyVK (3.2)

DEPENDENCIES:
  - SwiftyJSON
  - SwiftyVK

SPEC REPOS:
  https://github.com/cocoapods/specs.git:
    - SwiftyJSON
    - SwiftyVK

SPEC CHECKSUMS:
  SwiftyJSON: c4bcba26dd9ec7a027fc8eade48e2c911f229e96
  SwiftyVK: 11cb7b0a1cc342153040ab532f82bdaf28c56345

PODFILE CHECKSUM: 848e99aef8249a0dbd69b653dd4b7a0bd2eabc52

COCOAPODS: 1.5.3
